{
  "requires": true,
  "lockfileVersion": 1,
  "dependencies": {
    "react-via-cep": {
      "version": "2.0.8",
      "resolved": "https://registry.npmjs.org/react-via-cep/-/react-via-cep-2.0.8.tgz",
      "integrity": "sha512-AsRhVI9xMball4ZO9si9Tab/X18O3Qsf4SkeTR3+mD8RmF3NavoPplb9ekRS+i7vj3MqitffC7gSTH5iEISHhg=="
    }
  }
}
